
Microsoft Visual Studio Solution File, Format Version 12.00
# Visual Studio Version 17
VisualStudioVersion = 17.4.33213.308
MinimumVisualStudioVersion = 10.0.40219.1
Project("{FAE04EC0-301F-11D3-BF4B-00C04F79EFBC}") = "Practika_Ershov.E.D", "Practika_Ershov.E.D\Practika_Ershov.E.D.csproj", "{53452A84-918D-4284-BBA7-1BA66C18AB9D}"
EndProject
Global
	GlobalSection(SolutionConfigurationPlatforms) = preSolution
		Debug|Any CPU = Debug|Any CPU
		Release|Any CPU = Release|Any CPU
	EndGlobalSection
	GlobalSection(ProjectConfigurationPlatforms) = postSolution
		{53452A84-918D-4284-BBA7-1BA66C18AB9D}.Debug|Any CPU.ActiveCfg = Debug|Any CPU
		{53452A84-918D-4284-BBA7-1BA66C18AB9D}.Debug|Any CPU.Build.0 = Debug|Any CPU
		{53452A84-918D-4284-BBA7-1BA66C18AB9D}.Release|Any CPU.ActiveCfg = Release|Any CPU
		{53452A84-918D-4284-BBA7-1BA66C18AB9D}.Release|Any CPU.Build.0 = Release|Any CPU
	EndGlobalSection
	GlobalSection(SolutionProperties) = preSolution
		HideSolutionNode = FALSE
	EndGlobalSection
	GlobalSection(ExtensibilityGlobals) = postSolution
		SolutionGuid = {431D0B05-91F7-427C-8782-EB2E49B58F67}
	EndGlobalSection
EndGlobal
